// !$*UTF8*$!
{
	archiveVersion = 1;
	classes = {
	};
	objectVersion = 46;
	objects = {

/* Begin PBXBuildFile section */
		7B260C031E2F1D61009FE478 /* AppDelegate.swift in Sources */ = {isa = PBXBuildFile; fileRef = 7B260C021E2F1D61009FE478 /* AppDelegate.swift */; };
		7B260C051E2F1D61009FE478 /* ViewController.swift in Sources */ = {isa = PBXBuildFile; fileRef = 7B260C041E2F1D61009FE478 /* ViewController.swift */; };
		7B260C081E2F1D61009FE478 /* Main.storyboard in Resources */ = {isa = PBXBuildFile; fileRef = 7B260C061E2F1D61009FE478 /* Main.storyboard */; };
		7B260C0A1E2F1D61009FE478 /* Assets.xcassets in Resources */ = {isa = PBXBuildFile; fileRef = 7B260C091E2F1D61009FE478 /* Assets.xcassets */; };
		7B260C0D1E2F1D61009FE478 /* LaunchScreen.storyboard in Resources */ = {isa = PBXBuildFile; fileRef = 7B260C0B1E2F1D61009FE478 /* LaunchScreen.storyboard */; };
/* End PBXBuildFile section */

/* Begin PBXFileReference section */
		7B260BFF1E2F1D61009FE478 /* firstAssignment.app */ = {isa = PBXFileReference; explicitFileType = wrapper.application; includeInIndex = 0; path = firstAssignment.app; sourceTree = BUILT_PRODUCTS_DIR; };
		7B260C021E2F1D61009FE478 /* AppDelegate.swift */ = {isa = PBXFileReference; lastKnownFileType = sourcecode.swift; path = AppDelegate.swift; sourceTree = "<group>"; };
		7B260C041E2F1D61009FE478 /* ViewController.swift */ = {isa = PBXFileReference; lastKnownFileType = sourcecode.swift; path = ViewController.swift; sourceTree = "<group>"; };
		7B260C071E2F1D61009FE478 /* Base */ = {isa = PBXFileReference; lastKnownFileType = file.storyboard; name = Base; path = Base.lproj/Main.storyboard; sourceTree = "<group>"; };
		7B260C091E2F1D61009FE478 /* Assets.xcassets */ = {isa = PBXFileReference; lastKnownFileType = folder.assetcatalog; path = Assets.xcassets; sourceTree = "<group>"; };
		7B260C0C1E2F1D61009FE478 /* Base */ = {isa = PBXFileReference; lastKnownFileType = file.storyboard; name = Base; path = Base.lproj/LaunchScreen.storyboard; sourceTree = "<group>"; };
		7B260C0E1E2F1D61009FE478 /* Info.plist */ = {isa = PBXFileReference; lastKnownFileType = text.plist.xml; path = Info.plist; sourceTree = "<group>"; };
/* End PBXFileReference section */

/* Begin PBXFrameworksBuildPhase section */
		7B260BFC1E2F1D60009FE478 /* Frameworks */ = {
			isa = PBXFrameworksBuildPhase;
			buildActionMask = 2147483647;
			files = (
			);
			runOnlyForDeploymentPostprocessing = 0;
		};
/* End PBXFrameworksBuildPhase section */

/* Begin PBXGroup section */
		7B260BF61E2F1D60009FE478 = {
			isa = PBXGroup;
			children = (
				7B260C011E2F1D61009FE478 /* firstAssignment */,
				7B260C001E2F1D61009FE478 /* Products */,
			);
			sourceTree = "<group>";
		};
		7B260C001E2F1D61009FE478 /* Products */ = {
			isa = PBXGroup;
			children = (
				7B260BFF1E2F1D61009FE478 /* firstAssignment.app */,
			);
			name = Products;
			sourceTree = "<group>";
		};
		7B260C011E2F1D61009FE478 /* firstAssignment */ = {
			isa = PBXGroup;
			children = (
				7B260C021E2F1D61009FE478 /* AppDelegate.swift */,
				7B260C041E2F1D61009FE478 /* ViewController.swift */,
				7B260C061E2F1D61009FE478 /* Main.storyboard */,
				7B260C091E2F1D61009FE478 /* Assets.xcassets */,
				7B260C0B1E2F1D61009FE478 /* LaunchScreen.storyboard */,
				7B260C0E1E2F1D61009FE478 /* Info.plist */,
			);
			path = firstAssignment;
			sourceTree = "<group>";
		};
/* End PBXGroup section */

/* Begin PBXNativeTarget section */
		7B260BFE1E2F1D60009FE478 /* firstAssignment */ = {
			isa = PBXNativeTarget;
			buildConfigurationList = 7B260C111E2F1D61009FE478 /* Build configuration list for PBXNativeTarget "firstAssignment" */;
			buildPhases = (
				7B260BFB1E2F1D60009FE478 /* Sources */,
				7B260BFC1E2F1D60009FE478 /* Frameworks */,
				7B260BFD1E2F1D60009FE478 /* Resources */,
			);
			buildRules = (
			);
			dependencies = (
			);
			name = firstAssignment;
			productName = firstAssignment;
			productReference = 7B260BFF1E2F1D61009FE478 /* firstAssignment.app */;
			productType = "com.apple.product-type.application";
		};
/* End PBXNativeTarget section */

/* Begin PBXProject section */
		7B260BF71E2F1D60009FE478 /* Project object */ = {
			isa = PBXProject;
			attributes = {
				LastSwiftUpdateCheck = 0800;
				LastUpgradeCheck = 0800;
				ORGANIZATIONNAME = ASU;
				TargetAttributes = {
					7B260BFE1E2F1D60009FE478 = {
						CreatedOnToolsVersion = 8.0;
						ProvisioningStyle = Automatic;
					};
				};
			};
			buildConfigurationList = 7B260BFA1E2F1D60009FE478 /* Build configuration list for PBXProject "firstAssignment" */;
			compatibilityVersion = "Xcode 3.2";
			developmentRegion = English;
			hasScannedForEncodings = 0;
			knownRegions = (
				en,
				Base,
			);
			mainGroup = 7B260BF61E2F1D60009FE478;
			productRefGroup = 7B260C001E2F1D61009FE478 /* Products */;
			projectDirPath = "";
			projectRoot = "";
			targets = (
				7B260BFE1E2F1D60009FE478 /* firstAssignment */,
			);
		};
/* End PBXProject section */

/* Begin PBXResourcesBuildPhase section */
		7B260BFD1E2F1D60009FE478 /* Resources */ = {
			isa = PBXResourcesBuildPhase;
			buildActionMask = 2147483647;
			files = (
				7B260C0D1E2F1D61009FE478 /* LaunchScreen.storyboard in Resources */,
				7B260C0A1E2F1D61009FE478 /* Assets.xcassets in Resources */,
				7B260C081E2F1D61009FE478 /* Main.storyboard in Resources */,
			);
			runOnlyForDeploymentPostprocessing = 0;
		};
/* End PBXResourcesBuildPhase section */

/* Begin PBXSourcesBuildPhase section */
		7B260BFB1E2F1D60009FE478 /* Sources */ = {
			isa = PBXSourcesBuildPhase;
			buildActionMask = 2147483647;
			files = (
				7B260C051E2F1D61009FE478 /* ViewController.swift in Sources */,
				7B260C031E2F1D61009FE478 /* AppDelegate.swift in Sources */,
			);
			runOnlyForDeploymentPostprocessing = 0;
		};
/* End PBXSourcesBuildPhase section */

/* Begin PBXVariantGroup section */
		7B260C061E2F1D61009FE478 /* Main.storyboard */ = {
			isa = PBXVariantGroup;
			children = (
				7B260C071E2F1D61009FE478 /* Base */,
			);
			name = Main.storyboard;
			sourceTree = "<group>";
		};
		7B260C0B1E2F1D61009FE478 /* LaunchScreen.storyboard */ = {
			isa = PBXVariantGroup;
			children = (
				7B260C0C1E2F1D61009FE478 /* Base */,
			);
			name = LaunchScreen.storyboard;
			sourceTree = "<group>";
		};
/* End PBXVariantGroup section */

/* Begin XCBuildConfiguration section */
		7B260C0F1E2F1D61009FE478 /* Debug */ = {
			isa = XCBuildConfiguration;
			buildSettings = {
				ALWAYS_SEARCH_USER_PATHS = NO;
				CLANG_ANALYZER_NONNULL = YES;
				CLANG_CXX_LANGUAGE_STANDARD = "gnu++0x";
				CLANG_CXX_LIBRARY = "libc++";
				CLANG_ENABLE_MODULES = YES;
				CLANG_ENABLE_OBJC_ARC = YES;
				CLANG_WARN_BOOL_CONVERSION = YES;
				CLANG_WARN_CONSTANT_CONVERSION = YES;
				CLANG_WARN_DIRECT_OBJC_ISA_USAGE = YES_ERROR;
				CLANG_WARN_DOCUMENTATION_COMMENTS = YES;
				CLANG_WARN_EMPTY_BODY = YES;
				CLANG_WARN_ENUM_CONVERSION = YES;
				CLANG_WARN_INFINITE_RECURSION = YES;
				CLANG_WARN_INT_CONVERSION = YES;
				CLANG_WARN_OBJC_ROOT_CLASS = YES_ERROR;
				CLANG_WARN_SUSPICIOUS_MOVES = YES;
				CLANG_WARN_UNREACHABLE_CODE = YES;
				CLANG_WARN__DUPLICATE_METHOD_MATCH = YES;
				"CODE_SIGN_IDENTITY[sdk=iphoneos*]" = "iPhone Developer";
				COPY_PHASE_STRIP = NO;
				DEBUG_INFORMATION_FORMAT = dwarf;
				ENABLE_STRICT_OBJC_MSGSEND = YES;
				ENABLE_TESTABILITY = YES;
				GCC_C_LANGUAGE_STANDARD = gnu99;
				GCC_DYNAMIC_NO_PIC = NO;
				GCC_NO_COMMON_BLOCKS = YES;
				GCC_OPTIMIZATION_LEVEL = 0;
				GCC_PREPROCESSOR_DEFINITIONS = (
					"DEBUG=1",
					"$(inherited)",
				);
				GCC_WARN_64_TO_32_BIT_CONVERSION = YES;
				GCC_WARN_ABOUT_RETURN_TYPE = YES_ERROR;
				GCC_WARN_UNDECLARED_SELECTOR = YES;
				GCC_WARN_UNINITIALIZED_AUTOS = YES_AGGRESSIVE;
				GCC_WARN_UNUSED_FUNCTION = YES;
				GCC_WARN_UNUSED_VARIABLE = YES;
				IPHONEOS_DEPLOYMENT_TARGET = 10.0;
				MTL_ENABLE_DEBUG_INFO = YES;
				ONLY_ACTIVE_ARCH = YES;
				SDKROOT = iphoneos;
				SWIFT_ACTIVE_COMPILATION_CONDITIONS = DEBUG;
				SWIFT_OPTIMIZATION_LEVEL = "-Onone";
			};
			name = Debug;
		};
		7B260C101E2F1D61009FE478 /* Release */ = {
			isa = XCBuildConfiguration;
			buildSettings = {
				ALWAYS_SEARCH_USER_PATHS = NO;
				CLANG_ANALYZER_NONNULL = YES;
				CLANG_CXX_LANGUAGE_STANDARD = "gnu++0x";
				CLANG_CXX_LIBRARY = "libc++";
				CLANG_ENABLE_MODULES = YES;
				CLANG_ENABLE_OBJC_ARC = YES;
				CLANG_WARN_BOOL_CONVERSION = YES;
				CLANG_WARN_CONSTANT_CONVERSION = YES;
				CLANG_WARN_DIRECT_OBJC_ISA_USAGE = YES_ERROR;
				CLANG_WARN_DOCUMENTATION_COMMENTS = YES;
				CLANG_WARN_EMPTY_BODY = YES;
				CLANG_WARN_ENUM_CONVERSION = YES;
				CLANG_WARN_INFINITE_RECURSION = YES;
				CLANG_WARN_INT_CONVERSION = YES;
				CLANG_WARN_OBJC_ROOT_CLASS = YES_ERROR;
				CLANG_WARN_SUSPICIOUS_MOVES = YES;
				CLANG_WARN_UNREACHABLE_CODE = YES;
				CLANG_WARN__DUPLICATE_METHOD_MATCH = YES;
				"CODE_SIGN_IDENTITY[sdk=iphoneos*]" = "iPhone Developer";
				COPY_PHASE_STRIP = NO;
				DEBUG_INFORMATION_FORMAT = "dwarf-with-dsym";
				ENABLE_NS_ASSERTIONS = NO;
				ENABLE_STRICT_OBJC_MSGSEND = YES;
				GCC_C_LANGUAGE_STANDARD = gnu99;
				GCC_NO_COMMON_BLOCKS = YES;
				GCC_WARN_64_TO_32_BIT_CONVERSION = YES;
				GCC_WARN_ABOUT_RETURN_TYPE = YES_ERROR;
				GCC_WARN_UNDECLARED_SELECTOR = YES;
				GCC_WARN_UNINITIALIZED_AUTOS = YES_AGGRESSIVE;
				GCC_WARN_UNUSED_FUNCTION = YES;
				GCC_WARN_UNUSED_VARIABLE = YES;
				IPHONEOS_DEPLOYMENT_TARGET = 10.0;
				MTL_ENABLE_DEBUG_INFO = NO;
				SDKROOT = iphoneos;
				SWIFT_OPTIMIZATION_LEVEL = "-Owholemodule";
				VALIDATE_PRODUCT = YES;
			};
			name = Release;
		};
		7B260C121E2F1D61009FE478 /* Debug */ = {
			isa = XCBuildConfiguration;
			buildSettings = {
				ASSETCATALOG_COMPILER_APPICON_NAME = AppIcon;
				INFOPLIST_FILE = firstAssignment/Info.plist;
				LD_RUNPATH_SEARCH_PATHS = "$(inherited) @executable_path/Frameworks";
				PRODUCT_BUNDLE_IDENTIFIER = asu.firstAssignment;
				PRODUCT_NAME = "$(TARGET_NAME)";
				SWIFT_VERSION = 3.0;
			};
			name = Debug;
		};
		7B260C131E2F1D61009FE478 /* Release */ = {
			isa = XCBuildConfiguration;
			buildSettings = {
				ASSETCATALOG_COMPILER_APPICON_NAME = AppIcon;
				INFOPLIST_FILE = firstAssignment/Info.plist;
				LD_RUNPATH_SEARCH_PATHS = "$(inherited) @executable_path/Frameworks";
				PRODUCT_BUNDLE_IDENTIFIER = asu.firstAssignment;
				PRODUCT_NAME = "$(TARGET_NAME)";
				SWIFT_VERSION = 3.0;
			};
			name = Release;
		};
/* End XCBuildConfiguration section */

/* Begin XCConfigurationList section */
		7B260BFA1E2F1D60009FE478 /* Build configuration list for PBXProject "firstAssignment" */ = {
			isa = XCConfigurationList;
			buildConfigurations = (
				7B260C0F1E2F1D61009FE478 /* Debug */,
				7B260C101E2F1D61009FE478 /* Release */,
			);
			defaultConfigurationIsVisible = 0;
			defaultConfigurationName = Release;
		};
		7B260C111E2F1D61009FE478 /* Build configuration list for PBXNativeTarget "firstAssignment" */ = {
			isa = XCConfigurationList;
			buildConfigurations = (
				7B260C121E2F1D61009FE478 /* Debug */,
				7B260C131E2F1D61009FE478 /* Release */,
			);
			defaultConfigurationIsVisible = 0;
		};
/* End XCConfigurationList section */
	};
	rootObject = 7B260BF71E2F1D60009FE478 /* Project object */;
}
